# This file is automatically @generated by Cargo.
# It is not intended for manual editing.
version = 4

[[package]]
name = "mono-capabilities"
version = "0.1.0"

[[package]]
name = "mono-core"
version = "0.1.0"

[[package]]
name = "mono-inference"
version = "0.1.0"

[[package]]
name = "mono-ledger"
version = "0.1.0"

[[package]]
name = "mono-shell"
version = "0.1.0"
